
Microsoft Visual Studio Solution File, Format Version 12.00
# Visual Studio Version 16
VisualStudioVersion = 16.0.29503.13
MinimumVisualStudioVersion = 10.0.40219.1
Project("{FAE04EC0-301F-11D3-BF4B-00C04F79EFBC}") = "Task51", "Task5\Task51.csproj", "{F4669099-832A-4E2C-A6AE-03AEF368F379}"
EndProject
Global
	GlobalSection(SolutionConfigurationPlatforms) = preSolution
		Debug|Any CPU = Debug|Any CPU
		Release|Any CPU = Release|Any CPU
	EndGlobalSection
	GlobalSection(ProjectConfigurationPlatforms) = postSolution
		{F4669099-832A-4E2C-A6AE-03AEF368F379}.Debug|Any CPU.ActiveCfg = Debug|Any CPU
		{F4669099-832A-4E2C-A6AE-03AEF368F379}.Debug|Any CPU.Build.0 = Debug|Any CPU
		{F4669099-832A-4E2C-A6AE-03AEF368F379}.Release|Any CPU.ActiveCfg = Release|Any CPU
		{F4669099-832A-4E2C-A6AE-03AEF368F379}.Release|Any CPU.Build.0 = Release|Any CPU
	EndGlobalSection
	GlobalSection(SolutionProperties) = preSolution
		HideSolutionNode = FALSE
	EndGlobalSection
	GlobalSection(ExtensibilityGlobals) = postSolution
		SolutionGuid = {1FA3273F-AFC3-4AF7-AEF0-0E5A7D4B71AA}
	EndGlobalSection
EndGlobal
