
Microsoft Visual Studio Solution File, Format Version 12.00
# Visual Studio Version 16
VisualStudioVersion = 16.0.29503.13
MinimumVisualStudioVersion = 10.0.40219.1
Project("{FAE04EC0-301F-11D3-BF4B-00C04F79EFBC}") = "Task3.1", "Task3.1\Task3.1.csproj", "{BF92354C-CF25-4721-AECE-B1A52213313F}"
EndProject
Global
	GlobalSection(SolutionConfigurationPlatforms) = preSolution
		Debug|Any CPU = Debug|Any CPU
		Release|Any CPU = Release|Any CPU
	EndGlobalSection
	GlobalSection(ProjectConfigurationPlatforms) = postSolution
		{BF92354C-CF25-4721-AECE-B1A52213313F}.Debug|Any CPU.ActiveCfg = Debug|Any CPU
		{BF92354C-CF25-4721-AECE-B1A52213313F}.Debug|Any CPU.Build.0 = Debug|Any CPU
		{BF92354C-CF25-4721-AECE-B1A52213313F}.Release|Any CPU.ActiveCfg = Release|Any CPU
		{BF92354C-CF25-4721-AECE-B1A52213313F}.Release|Any CPU.Build.0 = Release|Any CPU
	EndGlobalSection
	GlobalSection(SolutionProperties) = preSolution
		HideSolutionNode = FALSE
	EndGlobalSection
	GlobalSection(ExtensibilityGlobals) = postSolution
		SolutionGuid = {D8BDD81E-B134-41A1-9380-42C6D050C54C}
	EndGlobalSection
EndGlobal
