
Microsoft Visual Studio Solution File, Format Version 12.00
# Visual Studio Version 16
VisualStudioVersion = 16.0.29503.13
MinimumVisualStudioVersion = 10.0.40219.1
Project("{FAE04EC0-301F-11D3-BF4B-00C04F79EFBC}") = "Task11", "Task11.csproj", "{B009228B-B360-4E7E-974E-A01A7499AEC6}"
EndProject
Project("{FAE04EC0-301F-11D3-BF4B-00C04F79EFBC}") = "Task14", "..\Task14\Task14.csproj", "{E98661EE-BE53-4396-9FBA-125CE6F5EC47}"
EndProject
Project("{FAE04EC0-301F-11D3-BF4B-00C04F79EFBC}") = "Task15", "..\Task15\Task15.csproj", "{61D7431D-27A5-4306-A0A1-07C95B6939AE}"
EndProject
Project("{FAE04EC0-301F-11D3-BF4B-00C04F79EFBC}") = "Task17", "..\Task17\Task17.csproj", "{AFA3F32A-64F3-4D0C-824C-19F64CD0BF0F}"
EndProject
Project("{FAE04EC0-301F-11D3-BF4B-00C04F79EFBC}") = "Task18", "..\Task18\Task18.csproj", "{16859F94-6070-4078-8315-DB26730B4751}"
EndProject
Project("{FAE04EC0-301F-11D3-BF4B-00C04F79EFBC}") = "Task19", "..\Task19\Task19.csproj", "{CBDE4888-A434-415A-B159-995E4E513574}"
EndProject
Project("{FAE04EC0-301F-11D3-BF4B-00C04F79EFBC}") = "Task12", "..\Task12\Task12.csproj", "{ECFB5DB4-5FD5-459F-AEDA-A6C3AC586600}"
EndProject
Project("{FAE04EC0-301F-11D3-BF4B-00C04F79EFBC}") = "Task13", "..\Task13\Task13.csproj", "{DD28DB3D-2759-4F47-9472-6FD81F080AD1}"
EndProject
Project("{FAE04EC0-301F-11D3-BF4B-00C04F79EFBC}") = "Task110", "..\Task110\Task110.csproj", "{A9E61629-3A06-4761-A8F7-E33B26B1677A}"
EndProject
Global
	GlobalSection(SolutionConfigurationPlatforms) = preSolution
		Debug|Any CPU = Debug|Any CPU
		Release|Any CPU = Release|Any CPU
	EndGlobalSection
	GlobalSection(ProjectConfigurationPlatforms) = postSolution
		{B009228B-B360-4E7E-974E-A01A7499AEC6}.Debug|Any CPU.ActiveCfg = Debug|Any CPU
		{B009228B-B360-4E7E-974E-A01A7499AEC6}.Debug|Any CPU.Build.0 = Debug|Any CPU
		{B009228B-B360-4E7E-974E-A01A7499AEC6}.Release|Any CPU.ActiveCfg = Release|Any CPU
		{B009228B-B360-4E7E-974E-A01A7499AEC6}.Release|Any CPU.Build.0 = Release|Any CPU
		{E98661EE-BE53-4396-9FBA-125CE6F5EC47}.Debug|Any CPU.ActiveCfg = Debug|Any CPU
		{E98661EE-BE53-4396-9FBA-125CE6F5EC47}.Debug|Any CPU.Build.0 = Debug|Any CPU
		{E98661EE-BE53-4396-9FBA-125CE6F5EC47}.Release|Any CPU.ActiveCfg = Release|Any CPU
		{E98661EE-BE53-4396-9FBA-125CE6F5EC47}.Release|Any CPU.Build.0 = Release|Any CPU
		{61D7431D-27A5-4306-A0A1-07C95B6939AE}.Debug|Any CPU.ActiveCfg = Debug|Any CPU
		{61D7431D-27A5-4306-A0A1-07C95B6939AE}.Debug|Any CPU.Build.0 = Debug|Any CPU
		{61D7431D-27A5-4306-A0A1-07C95B6939AE}.Release|Any CPU.ActiveCfg = Release|Any CPU
		{61D7431D-27A5-4306-A0A1-07C95B6939AE}.Release|Any CPU.Build.0 = Release|Any CPU
		{AFA3F32A-64F3-4D0C-824C-19F64CD0BF0F}.Debug|Any CPU.ActiveCfg = Debug|Any CPU
		{AFA3F32A-64F3-4D0C-824C-19F64CD0BF0F}.Debug|Any CPU.Build.0 = Debug|Any CPU
		{AFA3F32A-64F3-4D0C-824C-19F64CD0BF0F}.Release|Any CPU.ActiveCfg = Release|Any CPU
		{AFA3F32A-64F3-4D0C-824C-19F64CD0BF0F}.Release|Any CPU.Build.0 = Release|Any CPU
		{16859F94-6070-4078-8315-DB26730B4751}.Debug|Any CPU.ActiveCfg = Debug|Any CPU
		{16859F94-6070-4078-8315-DB26730B4751}.Debug|Any CPU.Build.0 = Debug|Any CPU
		{16859F94-6070-4078-8315-DB26730B4751}.Release|Any CPU.ActiveCfg = Release|Any CPU
		{16859F94-6070-4078-8315-DB26730B4751}.Release|Any CPU.Build.0 = Release|Any CPU
		{CBDE4888-A434-415A-B159-995E4E513574}.Debug|Any CPU.ActiveCfg = Debug|Any CPU
		{CBDE4888-A434-415A-B159-995E4E513574}.Debug|Any CPU.Build.0 = Debug|Any CPU
		{CBDE4888-A434-415A-B159-995E4E513574}.Release|Any CPU.ActiveCfg = Release|Any CPU
		{CBDE4888-A434-415A-B159-995E4E513574}.Release|Any CPU.Build.0 = Release|Any CPU
		{ECFB5DB4-5FD5-459F-AEDA-A6C3AC586600}.Debug|Any CPU.ActiveCfg = Debug|Any CPU
		{ECFB5DB4-5FD5-459F-AEDA-A6C3AC586600}.Debug|Any CPU.Build.0 = Debug|Any CPU
		{ECFB5DB4-5FD5-459F-AEDA-A6C3AC586600}.Release|Any CPU.ActiveCfg = Release|Any CPU
		{ECFB5DB4-5FD5-459F-AEDA-A6C3AC586600}.Release|Any CPU.Build.0 = Release|Any CPU
		{DD28DB3D-2759-4F47-9472-6FD81F080AD1}.Debug|Any CPU.ActiveCfg = Debug|Any CPU
		{DD28DB3D-2759-4F47-9472-6FD81F080AD1}.Debug|Any CPU.Build.0 = Debug|Any CPU
		{DD28DB3D-2759-4F47-9472-6FD81F080AD1}.Release|Any CPU.ActiveCfg = Release|Any CPU
		{DD28DB3D-2759-4F47-9472-6FD81F080AD1}.Release|Any CPU.Build.0 = Release|Any CPU
		{A9E61629-3A06-4761-A8F7-E33B26B1677A}.Debug|Any CPU.ActiveCfg = Debug|Any CPU
		{A9E61629-3A06-4761-A8F7-E33B26B1677A}.Debug|Any CPU.Build.0 = Debug|Any CPU
		{A9E61629-3A06-4761-A8F7-E33B26B1677A}.Release|Any CPU.ActiveCfg = Release|Any CPU
		{A9E61629-3A06-4761-A8F7-E33B26B1677A}.Release|Any CPU.Build.0 = Release|Any CPU
	EndGlobalSection
	GlobalSection(SolutionProperties) = preSolution
		HideSolutionNode = FALSE
	EndGlobalSection
	GlobalSection(ExtensibilityGlobals) = postSolution
		SolutionGuid = {83C60912-2AEF-4FB6-B304-E7F35FE8F24C}
	EndGlobalSection
EndGlobal
