
Microsoft Visual Studio Solution File, Format Version 12.00
# Visual Studio Version 16
VisualStudioVersion = 16.0.29503.13
MinimumVisualStudioVersion = 10.0.40219.1
Project("{FAE04EC0-301F-11D3-BF4B-00C04F79EFBC}") = "Task41", "Task41\Task41.csproj", "{C6DDCD5F-1DAC-4EFC-9E36-2193E62483A0}"
EndProject
Project("{FAE04EC0-301F-11D3-BF4B-00C04F79EFBC}") = "Task42", "Task42\Task42.csproj", "{5023D3F0-4FCA-4DC5-9199-975E2A36C7C6}"
EndProject
Project("{FAE04EC0-301F-11D3-BF4B-00C04F79EFBC}") = "Task44", "Task44\Task44.csproj", "{139170D1-ED75-43E3-8EC4-C2E702E2FA6A}"
EndProject
Project("{FAE04EC0-301F-11D3-BF4B-00C04F79EFBC}") = "task45", "..\Task45\task45\task45.csproj", "{CE597987-BE91-48C4-BC65-05ED35A5FCA9}"
EndProject
Project("{FAE04EC0-301F-11D3-BF4B-00C04F79EFBC}") = "Task43", "..\Task43\Task43\Task43.csproj", "{7FB369DA-B3DC-496C-BA41-C235E720562C}"
EndProject
Project("{FAE04EC0-301F-11D3-BF4B-00C04F79EFBC}") = "Task46", "..\Task46\Task46.csproj", "{23728345-E041-45EA-8F72-BB023CB8B76A}"
EndProject
Global
	GlobalSection(SolutionConfigurationPlatforms) = preSolution
		Debug|Any CPU = Debug|Any CPU
		Release|Any CPU = Release|Any CPU
	EndGlobalSection
	GlobalSection(ProjectConfigurationPlatforms) = postSolution
		{C6DDCD5F-1DAC-4EFC-9E36-2193E62483A0}.Debug|Any CPU.ActiveCfg = Debug|Any CPU
		{C6DDCD5F-1DAC-4EFC-9E36-2193E62483A0}.Debug|Any CPU.Build.0 = Debug|Any CPU
		{C6DDCD5F-1DAC-4EFC-9E36-2193E62483A0}.Release|Any CPU.ActiveCfg = Release|Any CPU
		{C6DDCD5F-1DAC-4EFC-9E36-2193E62483A0}.Release|Any CPU.Build.0 = Release|Any CPU
		{5023D3F0-4FCA-4DC5-9199-975E2A36C7C6}.Debug|Any CPU.ActiveCfg = Debug|Any CPU
		{5023D3F0-4FCA-4DC5-9199-975E2A36C7C6}.Debug|Any CPU.Build.0 = Debug|Any CPU
		{5023D3F0-4FCA-4DC5-9199-975E2A36C7C6}.Release|Any CPU.ActiveCfg = Release|Any CPU
		{5023D3F0-4FCA-4DC5-9199-975E2A36C7C6}.Release|Any CPU.Build.0 = Release|Any CPU
		{139170D1-ED75-43E3-8EC4-C2E702E2FA6A}.Debug|Any CPU.ActiveCfg = Debug|Any CPU
		{139170D1-ED75-43E3-8EC4-C2E702E2FA6A}.Debug|Any CPU.Build.0 = Debug|Any CPU
		{139170D1-ED75-43E3-8EC4-C2E702E2FA6A}.Release|Any CPU.ActiveCfg = Release|Any CPU
		{139170D1-ED75-43E3-8EC4-C2E702E2FA6A}.Release|Any CPU.Build.0 = Release|Any CPU
		{CE597987-BE91-48C4-BC65-05ED35A5FCA9}.Debug|Any CPU.ActiveCfg = Debug|Any CPU
		{CE597987-BE91-48C4-BC65-05ED35A5FCA9}.Debug|Any CPU.Build.0 = Debug|Any CPU
		{CE597987-BE91-48C4-BC65-05ED35A5FCA9}.Release|Any CPU.ActiveCfg = Release|Any CPU
		{CE597987-BE91-48C4-BC65-05ED35A5FCA9}.Release|Any CPU.Build.0 = Release|Any CPU
		{7FB369DA-B3DC-496C-BA41-C235E720562C}.Debug|Any CPU.ActiveCfg = Debug|Any CPU
		{7FB369DA-B3DC-496C-BA41-C235E720562C}.Debug|Any CPU.Build.0 = Debug|Any CPU
		{7FB369DA-B3DC-496C-BA41-C235E720562C}.Release|Any CPU.ActiveCfg = Release|Any CPU
		{7FB369DA-B3DC-496C-BA41-C235E720562C}.Release|Any CPU.Build.0 = Release|Any CPU
		{23728345-E041-45EA-8F72-BB023CB8B76A}.Debug|Any CPU.ActiveCfg = Debug|Any CPU
		{23728345-E041-45EA-8F72-BB023CB8B76A}.Debug|Any CPU.Build.0 = Debug|Any CPU
		{23728345-E041-45EA-8F72-BB023CB8B76A}.Release|Any CPU.ActiveCfg = Release|Any CPU
		{23728345-E041-45EA-8F72-BB023CB8B76A}.Release|Any CPU.Build.0 = Release|Any CPU
	EndGlobalSection
	GlobalSection(SolutionProperties) = preSolution
		HideSolutionNode = FALSE
	EndGlobalSection
	GlobalSection(ExtensibilityGlobals) = postSolution
		SolutionGuid = {BE88FC7E-C6B0-4030-B91F-CEE9B1494602}
	EndGlobalSection
EndGlobal
