
Microsoft Visual Studio Solution File, Format Version 12.00
# Visual Studio Version 16
VisualStudioVersion = 16.0.29503.13
MinimumVisualStudioVersion = 10.0.40219.1
Project("{FAE04EC0-301F-11D3-BF4B-00C04F79EFBC}") = "Task07", "Task07.csproj", "{58284719-A1D4-4149-B002-D873C3E21364}"
EndProject
Global
	GlobalSection(SolutionConfigurationPlatforms) = preSolution
		Debug|Any CPU = Debug|Any CPU
		Release|Any CPU = Release|Any CPU
	EndGlobalSection
	GlobalSection(ProjectConfigurationPlatforms) = postSolution
		{58284719-A1D4-4149-B002-D873C3E21364}.Debug|Any CPU.ActiveCfg = Debug|Any CPU
		{58284719-A1D4-4149-B002-D873C3E21364}.Debug|Any CPU.Build.0 = Debug|Any CPU
		{58284719-A1D4-4149-B002-D873C3E21364}.Release|Any CPU.ActiveCfg = Release|Any CPU
		{58284719-A1D4-4149-B002-D873C3E21364}.Release|Any CPU.Build.0 = Release|Any CPU
	EndGlobalSection
	GlobalSection(SolutionProperties) = preSolution
		HideSolutionNode = FALSE
	EndGlobalSection
	GlobalSection(ExtensibilityGlobals) = postSolution
		SolutionGuid = {E77E1B19-ECC3-4D42-870A-59EF8D5D0517}
	EndGlobalSection
EndGlobal
